// !$*UTF8*$!
{
	archiveVersion = 1;
	classes = {
	};
	objectVersion = 54;
	objects = {

/* Begin PBXBuildFile section */
		5223320328594292004C77AD /* PortalsDemoApp.swift in Sources */ = {isa = PBXBuildFile; fileRef = 5223320228594292004C77AD /* PortalsDemoApp.swift */; };
		5223320528594292004C77AD /* ContentView.swift in Sources */ = {isa = PBXBuildFile; fileRef = 5223320428594292004C77AD /* ContentView.swift */; };
		5223320728594295004C77AD /* Assets.xcassets in Resources */ = {isa = PBXBuildFile; fileRef = 5223320628594295004C77AD /* Assets.xcassets */; };
		5223320A28594295004C77AD /* Preview Assets.xcassets in Resources */ = {isa = PBXBuildFile; fileRef = 5223320928594295004C77AD /* Preview Assets.xcassets */; };
		52539447285A60640005C6D1 /* favicon.ico in Resources */ = {isa = PBXBuildFile; fileRef = 5253943E285A60640005C6D1 /* favicon.ico */; };
		52539448285A60640005C6D1 /* index.html in Resources */ = {isa = PBXBuildFile; fileRef = 5253943F285A60640005C6D1 /* index.html */; };
		52539449285A60640005C6D1 /* main.06b8747b66dbb73b.esm.js in Resources */ = {isa = PBXBuildFile; fileRef = 52539440285A60640005C6D1 /* main.06b8747b66dbb73b.esm.js */; };
		5253944A285A60640005C6D1 /* 3rdpartylicenses.txt in Resources */ = {isa = PBXBuildFile; fileRef = 52539441285A60640005C6D1 /* 3rdpartylicenses.txt */; };
		5253944B285A60640005C6D1 /* runtime.195b16c2abc3ca51.esm.js in Resources */ = {isa = PBXBuildFile; fileRef = 52539442285A60640005C6D1 /* runtime.195b16c2abc3ca51.esm.js */; };
		5253944C285A60640005C6D1 /* main.06b8747b66dbb73b.esm.js.LICENSE.txt in Resources */ = {isa = PBXBuildFile; fileRef = 52539443285A60640005C6D1 /* main.06b8747b66dbb73b.esm.js.LICENSE.txt */; };
		5253944D285A60640005C6D1 /* .gitkeep in Resources */ = {isa = PBXBuildFile; fileRef = 52539445285A60640005C6D1 /* .gitkeep */; };
		5253944E285A60640005C6D1 /* polyfills.a5b2ebb412830c59.esm.js in Resources */ = {isa = PBXBuildFile; fileRef = 52539446285A60640005C6D1 /* polyfills.a5b2ebb412830c59.esm.js */; };
		E86FB317D4E08512F06564AE /* Pods_PortalsDemo.framework in Frameworks */ = {isa = PBXBuildFile; fileRef = 04C14BE27531455BE27CDFD5 /* Pods_PortalsDemo.framework */; };
/* End PBXBuildFile section */

/* Begin PBXFileReference section */
		04C14BE27531455BE27CDFD5 /* Pods_PortalsDemo.framework */ = {isa = PBXFileReference; explicitFileType = wrapper.framework; includeInIndex = 0; path = Pods_PortalsDemo.framework; sourceTree = BUILT_PRODUCTS_DIR; };
		3C5477104F74C9B2953511EF /* Pods-PortalsDemo.release.xcconfig */ = {isa = PBXFileReference; includeInIndex = 1; lastKnownFileType = text.xcconfig; name = "Pods-PortalsDemo.release.xcconfig"; path = "Target Support Files/Pods-PortalsDemo/Pods-PortalsDemo.release.xcconfig"; sourceTree = "<group>"; };
		522331FF28594292004C77AD /* PortalsDemo.app */ = {isa = PBXFileReference; explicitFileType = wrapper.application; includeInIndex = 0; path = PortalsDemo.app; sourceTree = BUILT_PRODUCTS_DIR; };
		5223320228594292004C77AD /* PortalsDemoApp.swift */ = {isa = PBXFileReference; lastKnownFileType = sourcecode.swift; path = PortalsDemoApp.swift; sourceTree = "<group>"; };
		5223320428594292004C77AD /* ContentView.swift */ = {isa = PBXFileReference; lastKnownFileType = sourcecode.swift; path = ContentView.swift; sourceTree = "<group>"; };
		5223320628594295004C77AD /* Assets.xcassets */ = {isa = PBXFileReference; lastKnownFileType = folder.assetcatalog; path = Assets.xcassets; sourceTree = "<group>"; };
		5223320928594295004C77AD /* Preview Assets.xcassets */ = {isa = PBXFileReference; lastKnownFileType = folder.assetcatalog; path = "Preview Assets.xcassets"; sourceTree = "<group>"; };
		5253943E285A60640005C6D1 /* favicon.ico */ = {isa = PBXFileReference; lastKnownFileType = image.ico; path = favicon.ico; sourceTree = "<group>"; };
		5253943F285A60640005C6D1 /* index.html */ = {isa = PBXFileReference; fileEncoding = 4; lastKnownFileType = text.html; path = index.html; sourceTree = "<group>"; };
		52539440285A60640005C6D1 /* main.06b8747b66dbb73b.esm.js */ = {isa = PBXFileReference; fileEncoding = 4; lastKnownFileType = sourcecode.javascript; path = main.06b8747b66dbb73b.esm.js; sourceTree = "<group>"; };
		52539441285A60640005C6D1 /* 3rdpartylicenses.txt */ = {isa = PBXFileReference; fileEncoding = 4; lastKnownFileType = text; path = 3rdpartylicenses.txt; sourceTree = "<group>"; };
		52539442285A60640005C6D1 /* runtime.195b16c2abc3ca51.esm.js */ = {isa = PBXFileReference; fileEncoding = 4; lastKnownFileType = sourcecode.javascript; path = runtime.195b16c2abc3ca51.esm.js; sourceTree = "<group>"; };
		52539443285A60640005C6D1 /* main.06b8747b66dbb73b.esm.js.LICENSE.txt */ = {isa = PBXFileReference; fileEncoding = 4; lastKnownFileType = text; path = main.06b8747b66dbb73b.esm.js.LICENSE.txt; sourceTree = "<group>"; };
		52539445285A60640005C6D1 /* .gitkeep */ = {isa = PBXFileReference; fileEncoding = 4; lastKnownFileType = text; path = .gitkeep; sourceTree = "<group>"; };
		52539446285A60640005C6D1 /* polyfills.a5b2ebb412830c59.esm.js */ = {isa = PBXFileReference; fileEncoding = 4; lastKnownFileType = sourcecode.javascript; path = polyfills.a5b2ebb412830c59.esm.js; sourceTree = "<group>"; };
		D9CE1EFECDBDB94FCED30170 /* Pods-PortalsDemo.debug.xcconfig */ = {isa = PBXFileReference; includeInIndex = 1; lastKnownFileType = text.xcconfig; name = "Pods-PortalsDemo.debug.xcconfig"; path = "Target Support Files/Pods-PortalsDemo/Pods-PortalsDemo.debug.xcconfig"; sourceTree = "<group>"; };
/* End PBXFileReference section */

/* Begin PBXFrameworksBuildPhase section */
		522331FC28594292004C77AD /* Frameworks */ = {
			isa = PBXFrameworksBuildPhase;
			buildActionMask = 2147483647;
			files = (
				E86FB317D4E08512F06564AE /* Pods_PortalsDemo.framework in Frameworks */,
			);
			runOnlyForDeploymentPostprocessing = 0;
		};
/* End PBXFrameworksBuildPhase section */

/* Begin PBXGroup section */
		3C39E5B105C3935A30F047AE /* Pods */ = {
			isa = PBXGroup;
			children = (
				D9CE1EFECDBDB94FCED30170 /* Pods-PortalsDemo.debug.xcconfig */,
				3C5477104F74C9B2953511EF /* Pods-PortalsDemo.release.xcconfig */,
			);
			path = Pods;
			sourceTree = "<group>";
		};
		3E00987C93134E2197148FE4 /* Frameworks */ = {
			isa = PBXGroup;
			children = (
				04C14BE27531455BE27CDFD5 /* Pods_PortalsDemo.framework */,
			);
			name = Frameworks;
			sourceTree = "<group>";
		};
		522331F628594292004C77AD = {
			isa = PBXGroup;
			children = (
				5223320128594292004C77AD /* PortalsDemo */,
				5223320028594292004C77AD /* Products */,
				3C39E5B105C3935A30F047AE /* Pods */,
				3E00987C93134E2197148FE4 /* Frameworks */,
			);
			sourceTree = "<group>";
		};
		5223320028594292004C77AD /* Products */ = {
			isa = PBXGroup;
			children = (
				522331FF28594292004C77AD /* PortalsDemo.app */,
			);
			name = Products;
			sourceTree = "<group>";
		};
		5223320128594292004C77AD /* PortalsDemo */ = {
			isa = PBXGroup;
			children = (
				5253943D285A60640005C6D1 /* player-app */,
				5223320228594292004C77AD /* PortalsDemoApp.swift */,
				5223320428594292004C77AD /* ContentView.swift */,
				5223320628594295004C77AD /* Assets.xcassets */,
				5223320828594295004C77AD /* Preview Content */,
			);
			path = PortalsDemo;
			sourceTree = "<group>";
		};
		5223320828594295004C77AD /* Preview Content */ = {
			isa = PBXGroup;
			children = (
				5223320928594295004C77AD /* Preview Assets.xcassets */,
			);
			path = "Preview Content";
			sourceTree = "<group>";
		};
		5253943D285A60640005C6D1 /* player-app */ = {
			isa = PBXGroup;
			children = (
				5253943E285A60640005C6D1 /* favicon.ico */,
				5253943F285A60640005C6D1 /* index.html */,
				52539440285A60640005C6D1 /* main.06b8747b66dbb73b.esm.js */,
				52539441285A60640005C6D1 /* 3rdpartylicenses.txt */,
				52539442285A60640005C6D1 /* runtime.195b16c2abc3ca51.esm.js */,
				52539443285A60640005C6D1 /* main.06b8747b66dbb73b.esm.js.LICENSE.txt */,
				52539444285A60640005C6D1 /* assets */,
				52539446285A60640005C6D1 /* polyfills.a5b2ebb412830c59.esm.js */,
			);
			path = "player-app";
			sourceTree = "<group>";
		};
		52539444285A60640005C6D1 /* assets */ = {
			isa = PBXGroup;
			children = (
				52539445285A60640005C6D1 /* .gitkeep */,
			);
			path = assets;
			sourceTree = "<group>";
		};
/* End PBXGroup section */

/* Begin PBXNativeTarget section */
		522331FE28594292004C77AD /* PortalsDemo */ = {
			isa = PBXNativeTarget;
			buildConfigurationList = 5223320D28594295004C77AD /* Build configuration list for PBXNativeTarget "PortalsDemo" */;
			buildPhases = (
				918FE42EB1A9BC10F8895004 /* [CP] Check Pods Manifest.lock */,
				522331FB28594292004C77AD /* Sources */,
				522331FC28594292004C77AD /* Frameworks */,
				522331FD28594292004C77AD /* Resources */,
				9CD17E9188F3DBBBC9031643 /* [CP] Embed Pods Frameworks */,
			);
			buildRules = (
			);
			dependencies = (
			);
			name = PortalsDemo;
			productName = PortalsDemo;
			productReference = 522331FF28594292004C77AD /* PortalsDemo.app */;
			productType = "com.apple.product-type.application";
		};
/* End PBXNativeTarget section */

/* Begin PBXProject section */
		522331F728594292004C77AD /* Project object */ = {
			isa = PBXProject;
			attributes = {
				BuildIndependentTargetsInParallel = 1;
				LastSwiftUpdateCheck = 1340;
				LastUpgradeCheck = 1340;
				TargetAttributes = {
					522331FE28594292004C77AD = {
						CreatedOnToolsVersion = 13.4.1;
					};
				};
			};
			buildConfigurationList = 522331FA28594292004C77AD /* Build configuration list for PBXProject "PortalsDemo" */;
			compatibilityVersion = "Xcode 12.0";
			developmentRegion = en;
			hasScannedForEncodings = 0;
			knownRegions = (
				en,
				Base,
			);
			mainGroup = 522331F628594292004C77AD;
			productRefGroup = 5223320028594292004C77AD /* Products */;
			projectDirPath = "";
			projectRoot = "";
			targets = (
				522331FE28594292004C77AD /* PortalsDemo */,
			);
		};
/* End PBXProject section */

/* Begin PBXResourcesBuildPhase section */
		522331FD28594292004C77AD /* Resources */ = {
			isa = PBXResourcesBuildPhase;
			buildActionMask = 2147483647;
			files = (
				5223320A28594295004C77AD /* Preview Assets.xcassets in Resources */,
				5253944B285A60640005C6D1 /* runtime.195b16c2abc3ca51.esm.js in Resources */,
				52539449285A60640005C6D1 /* main.06b8747b66dbb73b.esm.js in Resources */,
				5253944D285A60640005C6D1 /* .gitkeep in Resources */,
				52539448285A60640005C6D1 /* index.html in Resources */,
				5253944C285A60640005C6D1 /* main.06b8747b66dbb73b.esm.js.LICENSE.txt in Resources */,
				5253944A285A60640005C6D1 /* 3rdpartylicenses.txt in Resources */,
				5253944E285A60640005C6D1 /* polyfills.a5b2ebb412830c59.esm.js in Resources */,
				5223320728594295004C77AD /* Assets.xcassets in Resources */,
				52539447285A60640005C6D1 /* favicon.ico in Resources */,
			);
			runOnlyForDeploymentPostprocessing = 0;
		};
/* End PBXResourcesBuildPhase section */

/* Begin PBXShellScriptBuildPhase section */
		918FE42EB1A9BC10F8895004 /* [CP] Check Pods Manifest.lock */ = {
			isa = PBXShellScriptBuildPhase;
			buildActionMask = 2147483647;
			files = (
			);
			inputFileListPaths = (
			);
			inputPaths = (
				"${PODS_PODFILE_DIR_PATH}/Podfile.lock",
				"${PODS_ROOT}/Manifest.lock",
			);
			name = "[CP] Check Pods Manifest.lock";
			outputFileListPaths = (
			);
			outputPaths = (
				"$(DERIVED_FILE_DIR)/Pods-PortalsDemo-checkManifestLockResult.txt",
			);
			runOnlyForDeploymentPostprocessing = 0;
			shellPath = /bin/sh;
			shellScript = "diff \"${PODS_PODFILE_DIR_PATH}/Podfile.lock\" \"${PODS_ROOT}/Manifest.lock\" > /dev/null\nif [ $? != 0 ] ; then\n    # print error to STDERR\n    echo \"error: The sandbox is not in sync with the Podfile.lock. Run 'pod install' or update your CocoaPods installation.\" >&2\n    exit 1\nfi\n# This output is used by Xcode 'outputs' to avoid re-running this script phase.\necho \"SUCCESS\" > \"${SCRIPT_OUTPUT_FILE_0}\"\n";
			showEnvVarsInLog = 0;
		};
		9CD17E9188F3DBBBC9031643 /* [CP] Embed Pods Frameworks */ = {
			isa = PBXShellScriptBuildPhase;
			buildActionMask = 2147483647;
			files = (
			);
			inputFileListPaths = (
				"${PODS_ROOT}/Target Support Files/Pods-PortalsDemo/Pods-PortalsDemo-frameworks-${CONFIGURATION}-input-files.xcfilelist",
			);
			name = "[CP] Embed Pods Frameworks";
			outputFileListPaths = (
				"${PODS_ROOT}/Target Support Files/Pods-PortalsDemo/Pods-PortalsDemo-frameworks-${CONFIGURATION}-output-files.xcfilelist",
			);
			runOnlyForDeploymentPostprocessing = 0;
			shellPath = /bin/sh;
			shellScript = "\"${PODS_ROOT}/Target Support Files/Pods-PortalsDemo/Pods-PortalsDemo-frameworks.sh\"\n";
			showEnvVarsInLog = 0;
		};
/* End PBXShellScriptBuildPhase section */

/* Begin PBXSourcesBuildPhase section */
		522331FB28594292004C77AD /* Sources */ = {
			isa = PBXSourcesBuildPhase;
			buildActionMask = 2147483647;
			files = (
				5223320528594292004C77AD /* ContentView.swift in Sources */,
				5223320328594292004C77AD /* PortalsDemoApp.swift in Sources */,
			);
			runOnlyForDeploymentPostprocessing = 0;
		};
/* End PBXSourcesBuildPhase section */

/* Begin XCBuildConfiguration section */
		5223320B28594295004C77AD /* Debug */ = {
			isa = XCBuildConfiguration;
			buildSettings = {
				ALWAYS_SEARCH_USER_PATHS = NO;
				CLANG_ANALYZER_NONNULL = YES;
				CLANG_ANALYZER_NUMBER_OBJECT_CONVERSION = YES_AGGRESSIVE;
				CLANG_CXX_LANGUAGE_STANDARD = "gnu++17";
				CLANG_ENABLE_MODULES = YES;
				CLANG_ENABLE_OBJC_ARC = YES;
				CLANG_ENABLE_OBJC_WEAK = YES;
				CLANG_WARN_BLOCK_CAPTURE_AUTORELEASING = YES;
				CLANG_WARN_BOOL_CONVERSION = YES;
				CLANG_WARN_COMMA = YES;
				CLANG_WARN_CONSTANT_CONVERSION = YES;
				CLANG_WARN_DEPRECATED_OBJC_IMPLEMENTATIONS = YES;
				CLANG_WARN_DIRECT_OBJC_ISA_USAGE = YES_ERROR;
				CLANG_WARN_DOCUMENTATION_COMMENTS = YES;
				CLANG_WARN_EMPTY_BODY = YES;
				CLANG_WARN_ENUM_CONVERSION = YES;
				CLANG_WARN_INFINITE_RECURSION = YES;
				CLANG_WARN_INT_CONVERSION = YES;
				CLANG_WARN_NON_LITERAL_NULL_CONVERSION = YES;
				CLANG_WARN_OBJC_IMPLICIT_RETAIN_SELF = YES;
				CLANG_WARN_OBJC_LITERAL_CONVERSION = YES;
				CLANG_WARN_OBJC_ROOT_CLASS = YES_ERROR;
				CLANG_WARN_QUOTED_INCLUDE_IN_FRAMEWORK_HEADER = YES;
				CLANG_WARN_RANGE_LOOP_ANALYSIS = YES;
				CLANG_WARN_STRICT_PROTOTYPES = YES;
				CLANG_WARN_SUSPICIOUS_MOVE = YES;
				CLANG_WARN_UNGUARDED_AVAILABILITY = YES_AGGRESSIVE;
				CLANG_WARN_UNREACHABLE_CODE = YES;
				CLANG_WARN__DUPLICATE_METHOD_MATCH = YES;
				COPY_PHASE_STRIP = NO;
				DEBUG_INFORMATION_FORMAT = dwarf;
				ENABLE_STRICT_OBJC_MSGSEND = YES;
				ENABLE_TESTABILITY = YES;
				GCC_C_LANGUAGE_STANDARD = gnu11;
				GCC_DYNAMIC_NO_PIC = NO;
				GCC_NO_COMMON_BLOCKS = YES;
				GCC_OPTIMIZATION_LEVEL = 0;
				GCC_PREPROCESSOR_DEFINITIONS = (
					"DEBUG=1",
					"$(inherited)",
				);
				GCC_WARN_64_TO_32_BIT_CONVERSION = YES;
				GCC_WARN_ABOUT_RETURN_TYPE = YES_ERROR;
				GCC_WARN_UNDECLARED_SELECTOR = YES;
				GCC_WARN_UNINITIALIZED_AUTOS = YES_AGGRESSIVE;
				GCC_WARN_UNUSED_FUNCTION = YES;
				GCC_WARN_UNUSED_VARIABLE = YES;
				IPHONEOS_DEPLOYMENT_TARGET = 15.5;
				MTL_ENABLE_DEBUG_INFO = INCLUDE_SOURCE;
				MTL_FAST_MATH = YES;
				ONLY_ACTIVE_ARCH = YES;
				SDKROOT = iphoneos;
				SWIFT_ACTIVE_COMPILATION_CONDITIONS = DEBUG;
				SWIFT_OPTIMIZATION_LEVEL = "-Onone";
			};
			name = Debug;
		};
		5223320C28594295004C77AD /* Release */ = {
			isa = XCBuildConfiguration;
			buildSettings = {
				ALWAYS_SEARCH_USER_PATHS = NO;
				CLANG_ANALYZER_NONNULL = YES;
				CLANG_ANALYZER_NUMBER_OBJECT_CONVERSION = YES_AGGRESSIVE;
				CLANG_CXX_LANGUAGE_STANDARD = "gnu++17";
				CLANG_ENABLE_MODULES = YES;
				CLANG_ENABLE_OBJC_ARC = YES;
				CLANG_ENABLE_OBJC_WEAK = YES;
				CLANG_WARN_BLOCK_CAPTURE_AUTORELEASING = YES;
				CLANG_WARN_BOOL_CONVERSION = YES;
				CLANG_WARN_COMMA = YES;
				CLANG_WARN_CONSTANT_CONVERSION = YES;
				CLANG_WARN_DEPRECATED_OBJC_IMPLEMENTATIONS = YES;
				CLANG_WARN_DIRECT_OBJC_ISA_USAGE = YES_ERROR;
				CLANG_WARN_DOCUMENTATION_COMMENTS = YES;
				CLANG_WARN_EMPTY_BODY = YES;
				CLANG_WARN_ENUM_CONVERSION = YES;
				CLANG_WARN_INFINITE_RECURSION = YES;
				CLANG_WARN_INT_CONVERSION = YES;
				CLANG_WARN_NON_LITERAL_NULL_CONVERSION = YES;
				CLANG_WARN_OBJC_IMPLICIT_RETAIN_SELF = YES;
				CLANG_WARN_OBJC_LITERAL_CONVERSION = YES;
				CLANG_WARN_OBJC_ROOT_CLASS = YES_ERROR;
				CLANG_WARN_QUOTED_INCLUDE_IN_FRAMEWORK_HEADER = YES;
				CLANG_WARN_RANGE_LOOP_ANALYSIS = YES;
				CLANG_WARN_STRICT_PROTOTYPES = YES;
				CLANG_WARN_SUSPICIOUS_MOVE = YES;
				CLANG_WARN_UNGUARDED_AVAILABILITY = YES_AGGRESSIVE;
				CLANG_WARN_UNREACHABLE_CODE = YES;
				CLANG_WARN__DUPLICATE_METHOD_MATCH = YES;
				COPY_PHASE_STRIP = NO;
				DEBUG_INFORMATION_FORMAT = "dwarf-with-dsym";
				ENABLE_NS_ASSERTIONS = NO;
				ENABLE_STRICT_OBJC_MSGSEND = YES;
				GCC_C_LANGUAGE_STANDARD = gnu11;
				GCC_NO_COMMON_BLOCKS = YES;
				GCC_WARN_64_TO_32_BIT_CONVERSION = YES;
				GCC_WARN_ABOUT_RETURN_TYPE = YES_ERROR;
				GCC_WARN_UNDECLARED_SELECTOR = YES;
				GCC_WARN_UNINITIALIZED_AUTOS = YES_AGGRESSIVE;
				GCC_WARN_UNUSED_FUNCTION = YES;
				GCC_WARN_UNUSED_VARIABLE = YES;
				IPHONEOS_DEPLOYMENT_TARGET = 15.5;
				MTL_ENABLE_DEBUG_INFO = NO;
				MTL_FAST_MATH = YES;
				SDKROOT = iphoneos;
				SWIFT_COMPILATION_MODE = wholemodule;
				SWIFT_OPTIMIZATION_LEVEL = "-O";
				VALIDATE_PRODUCT = YES;
			};
			name = Release;
		};
		5223320E28594295004C77AD /* Debug */ = {
			isa = XCBuildConfiguration;
			baseConfigurationReference = D9CE1EFECDBDB94FCED30170 /* Pods-PortalsDemo.debug.xcconfig */;
			buildSettings = {
				ASSETCATALOG_COMPILER_APPICON_NAME = AppIcon;
				ASSETCATALOG_COMPILER_GLOBAL_ACCENT_COLOR_NAME = AccentColor;
				CODE_SIGN_STYLE = Automatic;
				CURRENT_PROJECT_VERSION = 1;
				DEVELOPMENT_ASSET_PATHS = "\"PortalsDemo/Preview Content\"";
				DEVELOPMENT_TEAM = QQ2NQM3NM6;
				ENABLE_PREVIEWS = YES;
				GENERATE_INFOPLIST_FILE = YES;
				INFOPLIST_KEY_UIApplicationSceneManifest_Generation = YES;
				INFOPLIST_KEY_UIApplicationSupportsIndirectInputEvents = YES;
				INFOPLIST_KEY_UILaunchScreen_Generation = YES;
				INFOPLIST_KEY_UISupportedInterfaceOrientations_iPad = "UIInterfaceOrientationPortrait UIInterfaceOrientationPortraitUpsideDown UIInterfaceOrientationLandscapeLeft UIInterfaceOrientationLandscapeRight";
				INFOPLIST_KEY_UISupportedInterfaceOrientations_iPhone = "UIInterfaceOrientationPortrait UIInterfaceOrientationLandscapeLeft UIInterfaceOrientationLandscapeRight";
				LD_RUNPATH_SEARCH_PATHS = (
					"$(inherited)",
					"@executable_path/Frameworks",
				);
				MARKETING_VERSION = 1.0;
				PRODUCT_BUNDLE_IDENTIFIER = com.WahooFitness.demo.PortalsDemo;
				PRODUCT_NAME = "$(TARGET_NAME)";
				SWIFT_EMIT_LOC_STRINGS = YES;
				SWIFT_VERSION = 5.0;
				TARGETED_DEVICE_FAMILY = "1,2";
			};
			name = Debug;
		};
		5223320F28594295004C77AD /* Release */ = {
			isa = XCBuildConfiguration;
			baseConfigurationReference = 3C5477104F74C9B2953511EF /* Pods-PortalsDemo.release.xcconfig */;
			buildSettings = {
				ASSETCATALOG_COMPILER_APPICON_NAME = AppIcon;
				ASSETCATALOG_COMPILER_GLOBAL_ACCENT_COLOR_NAME = AccentColor;
				CODE_SIGN_STYLE = Automatic;
				CURRENT_PROJECT_VERSION = 1;
				DEVELOPMENT_ASSET_PATHS = "\"PortalsDemo/Preview Content\"";
				DEVELOPMENT_TEAM = QQ2NQM3NM6;
				ENABLE_PREVIEWS = YES;
				GENERATE_INFOPLIST_FILE = YES;
				INFOPLIST_KEY_UIApplicationSceneManifest_Generation = YES;
				INFOPLIST_KEY_UIApplicationSupportsIndirectInputEvents = YES;
				INFOPLIST_KEY_UILaunchScreen_Generation = YES;
				INFOPLIST_KEY_UISupportedInterfaceOrientations_iPad = "UIInterfaceOrientationPortrait UIInterfaceOrientationPortraitUpsideDown UIInterfaceOrientationLandscapeLeft UIInterfaceOrientationLandscapeRight";
				INFOPLIST_KEY_UISupportedInterfaceOrientations_iPhone = "UIInterfaceOrientationPortrait UIInterfaceOrientationLandscapeLeft UIInterfaceOrientationLandscapeRight";
				LD_RUNPATH_SEARCH_PATHS = (
					"$(inherited)",
					"@executable_path/Frameworks",
				);
				MARKETING_VERSION = 1.0;
				PRODUCT_BUNDLE_IDENTIFIER = com.WahooFitness.demo.PortalsDemo;
				PRODUCT_NAME = "$(TARGET_NAME)";
				SWIFT_EMIT_LOC_STRINGS = YES;
				SWIFT_VERSION = 5.0;
				TARGETED_DEVICE_FAMILY = "1,2";
			};
			name = Release;
		};
/* End XCBuildConfiguration section */

/* Begin XCConfigurationList section */
		522331FA28594292004C77AD /* Build configuration list for PBXProject "PortalsDemo" */ = {
			isa = XCConfigurationList;
			buildConfigurations = (
				5223320B28594295004C77AD /* Debug */,
				5223320C28594295004C77AD /* Release */,
			);
			defaultConfigurationIsVisible = 0;
			defaultConfigurationName = Release;
		};
		5223320D28594295004C77AD /* Build configuration list for PBXNativeTarget "PortalsDemo" */ = {
			isa = XCConfigurationList;
			buildConfigurations = (
				5223320E28594295004C77AD /* Debug */,
				5223320F28594295004C77AD /* Release */,
			);
			defaultConfigurationIsVisible = 0;
			defaultConfigurationName = Release;
		};
/* End XCConfigurationList section */
	};
	rootObject = 522331F728594292004C77AD /* Project object */;
}
